
Microsoft Visual Studio Solution File, Format Version 12.00
# Visual Studio 15
VisualStudioVersion = 15.0.28307.1209
MinimumVisualStudioVersion = 10.0.40219.1
Project("{FAE04EC0-301F-11D3-BF4B-00C04F79EFBC}") = "KafkaDemo", "KafkaDemo\KafkaDemo.csproj", "{99DF235A-4B72-49E8-AFC0-13F07843DC4A}"
EndProject
Global
	GlobalSection(SolutionConfigurationPlatforms) = preSolution
		Debug|Any CPU = Debug|Any CPU
		Release|Any CPU = Release|Any CPU
	EndGlobalSection
	GlobalSection(ProjectConfigurationPlatforms) = postSolution
		{99DF235A-4B72-49E8-AFC0-13F07843DC4A}.Debug|Any CPU.ActiveCfg = Debug|Any CPU
		{99DF235A-4B72-49E8-AFC0-13F07843DC4A}.Debug|Any CPU.Build.0 = Debug|Any CPU
		{99DF235A-4B72-49E8-AFC0-13F07843DC4A}.Release|Any CPU.ActiveCfg = Release|Any CPU
		{99DF235A-4B72-49E8-AFC0-13F07843DC4A}.Release|Any CPU.Build.0 = Release|Any CPU
	EndGlobalSection
	GlobalSection(SolutionProperties) = preSolution
		HideSolutionNode = FALSE
	EndGlobalSection
	GlobalSection(ExtensibilityGlobals) = postSolution
		SolutionGuid = {CDD1F558-44C4-49BE-B4BA-D24CE9095385}
	EndGlobalSection
EndGlobal
